
Microsoft Visual Studio Solution File, Format Version 12.00
# Visual Studio 14
VisualStudioVersion = 14.0.25420.1
MinimumVisualStudioVersion = 10.0.40219.1
Project("{FAE04EC0-301F-11D3-BF4B-00C04F79EFBC}") = "TP-1-420-216-FX", "TP-1-420-216-FX\TP-1-420-216-FX.csproj", "{8DB7456B-25BD-4DE8-A695-65A47D1A3026}"
EndProject
Project("{FAE04EC0-301F-11D3-BF4B-00C04F79EFBC}") = "TestsUnitaires", "TestsUnitaires\TestsUnitaires.csproj", "{7B33F6A3-D709-4470-9D02-7978E3384C15}"
EndProject
Global
	GlobalSection(SolutionConfigurationPlatforms) = preSolution
		Debug|Any CPU = Debug|Any CPU
		Release|Any CPU = Release|Any CPU
	EndGlobalSection
	GlobalSection(ProjectConfigurationPlatforms) = postSolution
		{8DB7456B-25BD-4DE8-A695-65A47D1A3026}.Debug|Any CPU.ActiveCfg = Debug|Any CPU
		{8DB7456B-25BD-4DE8-A695-65A47D1A3026}.Debug|Any CPU.Build.0 = Debug|Any CPU
		{8DB7456B-25BD-4DE8-A695-65A47D1A3026}.Release|Any CPU.ActiveCfg = Release|Any CPU
		{8DB7456B-25BD-4DE8-A695-65A47D1A3026}.Release|Any CPU.Build.0 = Release|Any CPU
		{7B33F6A3-D709-4470-9D02-7978E3384C15}.Debug|Any CPU.ActiveCfg = Debug|Any CPU
		{7B33F6A3-D709-4470-9D02-7978E3384C15}.Debug|Any CPU.Build.0 = Debug|Any CPU
		{7B33F6A3-D709-4470-9D02-7978E3384C15}.Release|Any CPU.ActiveCfg = Release|Any CPU
		{7B33F6A3-D709-4470-9D02-7978E3384C15}.Release|Any CPU.Build.0 = Release|Any CPU
	EndGlobalSection
	GlobalSection(SolutionProperties) = preSolution
		HideSolutionNode = FALSE
	EndGlobalSection
EndGlobal
